// !$*UTF8*$!
{
	archiveVersion = 1;
	classes = {
	};
	objectVersion = 50;
	objects = {

/* Begin PBXBuildFile section */
		41A8672025D1596600CAD262 /* MagiConstraints.h in Headers */ = {isa = PBXBuildFile; fileRef = 41A8671E25D1596600CAD262 /* MagiConstraints.h */; settings = {ATTRIBUTES = (Public, ); }; };
		41BBAC0626923A4800781A1C /* Magic.swift in Sources */ = {isa = PBXBuildFile; fileRef = 41BBABFC26923A4700781A1C /* Magic.swift */; };
		41BBAC0726923A4800781A1C /* UILabel+magic.swift in Sources */ = {isa = PBXBuildFile; fileRef = 41BBABFD26923A4700781A1C /* UILabel+magic.swift */; };
		41BBAC0826923A4800781A1C /* UIStackView+magic.swift in Sources */ = {isa = PBXBuildFile; fileRef = 41BBABFE26923A4700781A1C /* UIStackView+magic.swift */; };
		41BBAC0926923A4800781A1C /* UIView+returnMagiConstraints.swift in Sources */ = {isa = PBXBuildFile; fileRef = 41BBABFF26923A4800781A1C /* UIView+returnMagiConstraints.swift */; };
		41BBAC0A26923A4800781A1C /* UIScrollView+magic.swift in Sources */ = {isa = PBXBuildFile; fileRef = 41BBAC0026923A4800781A1C /* UIScrollView+magic.swift */; };
		41BBAC0B26923A4800781A1C /* MagicPattern.swift in Sources */ = {isa = PBXBuildFile; fileRef = 41BBAC0126923A4800781A1C /* MagicPattern.swift */; };
		41BBAC0C26923A4800781A1C /* UIViewController+magic.swift in Sources */ = {isa = PBXBuildFile; fileRef = 41BBAC0226923A4800781A1C /* UIViewController+magic.swift */; };
		41BBAC0D26923A4800781A1C /* UIImageView+magic.swift in Sources */ = {isa = PBXBuildFile; fileRef = 41BBAC0326923A4800781A1C /* UIImageView+magic.swift */; };
		41BBAC0E26923A4800781A1C /* UIView+magic.swift in Sources */ = {isa = PBXBuildFile; fileRef = 41BBAC0426923A4800781A1C /* UIView+magic.swift */; };
		41BBAC0F26923A4800781A1C /* ViewsFactory.swift in Sources */ = {isa = PBXBuildFile; fileRef = 41BBAC0526923A4800781A1C /* ViewsFactory.swift */; };
		41BBAC1226923AB600781A1C /* UIView+magiConstraints.swift in Sources */ = {isa = PBXBuildFile; fileRef = 41BBAC1026923AB600781A1C /* UIView+magiConstraints.swift */; };
		41BBAC1326923AB600781A1C /* UIView+miniConstraints.swift in Sources */ = {isa = PBXBuildFile; fileRef = 41BBAC1126923AB600781A1C /* UIView+miniConstraints.swift */; };
		41BBAC1526923DDA00781A1C /* MagiConstraints.podspec in Resources */ = {isa = PBXBuildFile; fileRef = 41BBAC1426923DDA00781A1C /* MagiConstraints.podspec */; };
/* End PBXBuildFile section */

/* Begin PBXFileReference section */
		41A8671B25D1596600CAD262 /* MagiConstraints.framework */ = {isa = PBXFileReference; explicitFileType = wrapper.framework; includeInIndex = 0; path = MagiConstraints.framework; sourceTree = BUILT_PRODUCTS_DIR; };
		41A8671E25D1596600CAD262 /* MagiConstraints.h */ = {isa = PBXFileReference; lastKnownFileType = sourcecode.c.h; path = MagiConstraints.h; sourceTree = "<group>"; };
		41A8671F25D1596600CAD262 /* Info.plist */ = {isa = PBXFileReference; lastKnownFileType = text.plist.xml; path = Info.plist; sourceTree = "<group>"; };
		41BBABFC26923A4700781A1C /* Magic.swift */ = {isa = PBXFileReference; fileEncoding = 4; lastKnownFileType = sourcecode.swift; path = Magic.swift; sourceTree = "<group>"; };
		41BBABFD26923A4700781A1C /* UILabel+magic.swift */ = {isa = PBXFileReference; fileEncoding = 4; lastKnownFileType = sourcecode.swift; path = "UILabel+magic.swift"; sourceTree = "<group>"; };
		41BBABFE26923A4700781A1C /* UIStackView+magic.swift */ = {isa = PBXFileReference; fileEncoding = 4; lastKnownFileType = sourcecode.swift; path = "UIStackView+magic.swift"; sourceTree = "<group>"; };
		41BBABFF26923A4800781A1C /* UIView+returnMagiConstraints.swift */ = {isa = PBXFileReference; fileEncoding = 4; lastKnownFileType = sourcecode.swift; path = "UIView+returnMagiConstraints.swift"; sourceTree = "<group>"; };
		41BBAC0026923A4800781A1C /* UIScrollView+magic.swift */ = {isa = PBXFileReference; fileEncoding = 4; lastKnownFileType = sourcecode.swift; path = "UIScrollView+magic.swift"; sourceTree = "<group>"; };
		41BBAC0126923A4800781A1C /* MagicPattern.swift */ = {isa = PBXFileReference; fileEncoding = 4; lastKnownFileType = sourcecode.swift; path = MagicPattern.swift; sourceTree = "<group>"; };
		41BBAC0226923A4800781A1C /* UIViewController+magic.swift */ = {isa = PBXFileReference; fileEncoding = 4; lastKnownFileType = sourcecode.swift; path = "UIViewController+magic.swift"; sourceTree = "<group>"; };
		41BBAC0326923A4800781A1C /* UIImageView+magic.swift */ = {isa = PBXFileReference; fileEncoding = 4; lastKnownFileType = sourcecode.swift; path = "UIImageView+magic.swift"; sourceTree = "<group>"; };
		41BBAC0426923A4800781A1C /* UIView+magic.swift */ = {isa = PBXFileReference; fileEncoding = 4; lastKnownFileType = sourcecode.swift; path = "UIView+magic.swift"; sourceTree = "<group>"; };
		41BBAC0526923A4800781A1C /* ViewsFactory.swift */ = {isa = PBXFileReference; fileEncoding = 4; lastKnownFileType = sourcecode.swift; path = ViewsFactory.swift; sourceTree = "<group>"; };
		41BBAC1026923AB600781A1C /* UIView+magiConstraints.swift */ = {isa = PBXFileReference; fileEncoding = 4; lastKnownFileType = sourcecode.swift; path = "UIView+magiConstraints.swift"; sourceTree = "<group>"; };
		41BBAC1126923AB600781A1C /* UIView+miniConstraints.swift */ = {isa = PBXFileReference; fileEncoding = 4; lastKnownFileType = sourcecode.swift; path = "UIView+miniConstraints.swift"; sourceTree = "<group>"; };
		41BBAC1426923DDA00781A1C /* MagiConstraints.podspec */ = {isa = PBXFileReference; lastKnownFileType = file; path = MagiConstraints.podspec; sourceTree = SOURCE_ROOT; };
/* End PBXFileReference section */

/* Begin PBXFrameworksBuildPhase section */
		41A8671825D1596600CAD262 /* Frameworks */ = {
			isa = PBXFrameworksBuildPhase;
			buildActionMask = 2147483647;
			files = (
			);
			runOnlyForDeploymentPostprocessing = 0;
		};
/* End PBXFrameworksBuildPhase section */

/* Begin PBXGroup section */
		41A8671125D1596600CAD262 = {
			isa = PBXGroup;
			children = (
				41A8671D25D1596600CAD262 /* MagiConstraints */,
				41A8671C25D1596600CAD262 /* Products */,
			);
			sourceTree = "<group>";
		};
		41A8671C25D1596600CAD262 /* Products */ = {
			isa = PBXGroup;
			children = (
				41A8671B25D1596600CAD262 /* MagiConstraints.framework */,
			);
			name = Products;
			sourceTree = "<group>";
		};
		41A8671D25D1596600CAD262 /* MagiConstraints */ = {
			isa = PBXGroup;
			children = (
				41BBAC1426923DDA00781A1C /* MagiConstraints.podspec */,
				41A8671E25D1596600CAD262 /* MagiConstraints.h */,
				41A8671F25D1596600CAD262 /* Info.plist */,
				41A8672625D1599500CAD262 /* Source */,
			);
			path = MagiConstraints;
			sourceTree = "<group>";
		};
		41A8672625D1599500CAD262 /* Source */ = {
			isa = PBXGroup;
			children = (
				41BBABFC26923A4700781A1C /* Magic.swift */,
				41BBAC0026923A4800781A1C /* UIScrollView+magic.swift */,
				41BBABFE26923A4700781A1C /* UIStackView+magic.swift */,
				41BBAC0526923A4800781A1C /* ViewsFactory.swift */,
				41BBAC0126923A4800781A1C /* MagicPattern.swift */,
				41BBAC1126923AB600781A1C /* UIView+miniConstraints.swift */,
				41BBAC1026923AB600781A1C /* UIView+magiConstraints.swift */,
				41BBABFF26923A4800781A1C /* UIView+returnMagiConstraints.swift */,
				41BBAC0426923A4800781A1C /* UIView+magic.swift */,
				41BBABFD26923A4700781A1C /* UILabel+magic.swift */,
				41BBAC0326923A4800781A1C /* UIImageView+magic.swift */,
				41BBAC0226923A4800781A1C /* UIViewController+magic.swift */,
			);
			path = Source;
			sourceTree = "<group>";
		};
/* End PBXGroup section */

/* Begin PBXHeadersBuildPhase section */
		41A8671625D1596600CAD262 /* Headers */ = {
			isa = PBXHeadersBuildPhase;
			buildActionMask = 2147483647;
			files = (
				41A8672025D1596600CAD262 /* MagiConstraints.h in Headers */,
			);
			runOnlyForDeploymentPostprocessing = 0;
		};
/* End PBXHeadersBuildPhase section */

/* Begin PBXNativeTarget section */
		41A8671A25D1596600CAD262 /* MagiConstraints */ = {
			isa = PBXNativeTarget;
			buildConfigurationList = 41A8672325D1596600CAD262 /* Build configuration list for PBXNativeTarget "MagiConstraints" */;
			buildPhases = (
				41A8671625D1596600CAD262 /* Headers */,
				41A8671725D1596600CAD262 /* Sources */,
				41A8671825D1596600CAD262 /* Frameworks */,
				41A8671925D1596600CAD262 /* Resources */,
			);
			buildRules = (
			);
			dependencies = (
			);
			name = MagiConstraints;
			productName = MagiConstraints;
			productReference = 41A8671B25D1596600CAD262 /* MagiConstraints.framework */;
			productType = "com.apple.product-type.framework";
		};
/* End PBXNativeTarget section */

/* Begin PBXProject section */
		41A8671225D1596600CAD262 /* Project object */ = {
			isa = PBXProject;
			attributes = {
				LastUpgradeCheck = 1300;
				ORGANIZATIONNAME = "Belal Samy";
				TargetAttributes = {
					41A8671A25D1596600CAD262 = {
						CreatedOnToolsVersion = 11.6;
						LastSwiftMigration = 1300;
					};
				};
			};
			buildConfigurationList = 41A8671525D1596600CAD262 /* Build configuration list for PBXProject "MagiConstraints" */;
			compatibilityVersion = "Xcode 9.3";
			developmentRegion = en;
			hasScannedForEncodings = 0;
			knownRegions = (
				en,
				Base,
			);
			mainGroup = 41A8671125D1596600CAD262;
			productRefGroup = 41A8671C25D1596600CAD262 /* Products */;
			projectDirPath = "";
			projectRoot = "";
			targets = (
				41A8671A25D1596600CAD262 /* MagiConstraints */,
			);
		};
/* End PBXProject section */

/* Begin PBXResourcesBuildPhase section */
		41A8671925D1596600CAD262 /* Resources */ = {
			isa = PBXResourcesBuildPhase;
			buildActionMask = 2147483647;
			files = (
				41BBAC1526923DDA00781A1C /* MagiConstraints.podspec in Resources */,
			);
			runOnlyForDeploymentPostprocessing = 0;
		};
/* End PBXResourcesBuildPhase section */

/* Begin PBXSourcesBuildPhase section */
		41A8671725D1596600CAD262 /* Sources */ = {
			isa = PBXSourcesBuildPhase;
			buildActionMask = 2147483647;
			files = (
				41BBAC0726923A4800781A1C /* UILabel+magic.swift in Sources */,
				41BBAC0826923A4800781A1C /* UIStackView+magic.swift in Sources */,
				41BBAC0D26923A4800781A1C /* UIImageView+magic.swift in Sources */,
				41BBAC0F26923A4800781A1C /* ViewsFactory.swift in Sources */,
				41BBAC0E26923A4800781A1C /* UIView+magic.swift in Sources */,
				41BBAC0C26923A4800781A1C /* UIViewController+magic.swift in Sources */,
				41BBAC0B26923A4800781A1C /* MagicPattern.swift in Sources */,
				41BBAC0A26923A4800781A1C /* UIScrollView+magic.swift in Sources */,
				41BBAC1326923AB600781A1C /* UIView+miniConstraints.swift in Sources */,
				41BBAC0626923A4800781A1C /* Magic.swift in Sources */,
				41BBAC0926923A4800781A1C /* UIView+returnMagiConstraints.swift in Sources */,
				41BBAC1226923AB600781A1C /* UIView+magiConstraints.swift in Sources */,
			);
			runOnlyForDeploymentPostprocessing = 0;
		};
/* End PBXSourcesBuildPhase section */

/* Begin XCBuildConfiguration section */
		41A8672125D1596600CAD262 /* Debug */ = {
			isa = XCBuildConfiguration;
			buildSettings = {
				ALWAYS_SEARCH_USER_PATHS = NO;
				CLANG_ANALYZER_NONNULL = YES;
				CLANG_ANALYZER_NUMBER_OBJECT_CONVERSION = YES_AGGRESSIVE;
				CLANG_CXX_LANGUAGE_STANDARD = "gnu++14";
				CLANG_CXX_LIBRARY = "libc++";
				CLANG_ENABLE_MODULES = YES;
				CLANG_ENABLE_OBJC_ARC = YES;
				CLANG_ENABLE_OBJC_WEAK = YES;
				CLANG_WARN_BLOCK_CAPTURE_AUTORELEASING = YES;
				CLANG_WARN_BOOL_CONVERSION = YES;
				CLANG_WARN_COMMA = YES;
				CLANG_WARN_CONSTANT_CONVERSION = YES;
				CLANG_WARN_DEPRECATED_OBJC_IMPLEMENTATIONS = YES;
				CLANG_WARN_DIRECT_OBJC_ISA_USAGE = YES_ERROR;
				CLANG_WARN_DOCUMENTATION_COMMENTS = YES;
				CLANG_WARN_EMPTY_BODY = YES;
				CLANG_WARN_ENUM_CONVERSION = YES;
				CLANG_WARN_INFINITE_RECURSION = YES;
				CLANG_WARN_INT_CONVERSION = YES;
				CLANG_WARN_NON_LITERAL_NULL_CONVERSION = YES;
				CLANG_WARN_OBJC_IMPLICIT_RETAIN_SELF = YES;
				CLANG_WARN_OBJC_LITERAL_CONVERSION = YES;
				CLANG_WARN_OBJC_ROOT_CLASS = YES_ERROR;
				CLANG_WARN_QUOTED_INCLUDE_IN_FRAMEWORK_HEADER = YES;
				CLANG_WARN_RANGE_LOOP_ANALYSIS = YES;
				CLANG_WARN_STRICT_PROTOTYPES = YES;
				CLANG_WARN_SUSPICIOUS_MOVE = YES;
				CLANG_WARN_UNGUARDED_AVAILABILITY = YES_AGGRESSIVE;
				CLANG_WARN_UNREACHABLE_CODE = YES;
				CLANG_WARN__DUPLICATE_METHOD_MATCH = YES;
				COPY_PHASE_STRIP = NO;
				CURRENT_PROJECT_VERSION = 1;
				DEBUG_INFORMATION_FORMAT = dwarf;
				ENABLE_STRICT_OBJC_MSGSEND = YES;
				ENABLE_TESTABILITY = YES;
				GCC_C_LANGUAGE_STANDARD = gnu11;
				GCC_DYNAMIC_NO_PIC = NO;
				GCC_NO_COMMON_BLOCKS = YES;
				GCC_OPTIMIZATION_LEVEL = 0;
				GCC_PREPROCESSOR_DEFINITIONS = (
					"DEBUG=1",
					"$(inherited)",
				);
				GCC_WARN_64_TO_32_BIT_CONVERSION = YES;
				GCC_WARN_ABOUT_RETURN_TYPE = YES_ERROR;
				GCC_WARN_UNDECLARED_SELECTOR = YES;
				GCC_WARN_UNINITIALIZED_AUTOS = YES_AGGRESSIVE;
				GCC_WARN_UNUSED_FUNCTION = YES;
				GCC_WARN_UNUSED_VARIABLE = YES;
				IPHONEOS_DEPLOYMENT_TARGET = 13.6;
				MTL_ENABLE_DEBUG_INFO = INCLUDE_SOURCE;
				MTL_FAST_MATH = YES;
				ONLY_ACTIVE_ARCH = YES;
				SDKROOT = iphoneos;
				SWIFT_ACTIVE_COMPILATION_CONDITIONS = DEBUG;
				SWIFT_OPTIMIZATION_LEVEL = "-Onone";
				VERSIONING_SYSTEM = "apple-generic";
				VERSION_INFO_PREFIX = "";
			};
			name = Debug;
		};
		41A8672225D1596600CAD262 /* Release */ = {
			isa = XCBuildConfiguration;
			buildSettings = {
				ALWAYS_SEARCH_USER_PATHS = NO;
				CLANG_ANALYZER_NONNULL = YES;
				CLANG_ANALYZER_NUMBER_OBJECT_CONVERSION = YES_AGGRESSIVE;
				CLANG_CXX_LANGUAGE_STANDARD = "gnu++14";
				CLANG_CXX_LIBRARY = "libc++";
				CLANG_ENABLE_MODULES = YES;
				CLANG_ENABLE_OBJC_ARC = YES;
				CLANG_ENABLE_OBJC_WEAK = YES;
				CLANG_WARN_BLOCK_CAPTURE_AUTORELEASING = YES;
				CLANG_WARN_BOOL_CONVERSION = YES;
				CLANG_WARN_COMMA = YES;
				CLANG_WARN_CONSTANT_CONVERSION = YES;
				CLANG_WARN_DEPRECATED_OBJC_IMPLEMENTATIONS = YES;
				CLANG_WARN_DIRECT_OBJC_ISA_USAGE = YES_ERROR;
				CLANG_WARN_DOCUMENTATION_COMMENTS = YES;
				CLANG_WARN_EMPTY_BODY = YES;
				CLANG_WARN_ENUM_CONVERSION = YES;
				CLANG_WARN_INFINITE_RECURSION = YES;
				CLANG_WARN_INT_CONVERSION = YES;
				CLANG_WARN_NON_LITERAL_NULL_CONVERSION = YES;
				CLANG_WARN_OBJC_IMPLICIT_RETAIN_SELF = YES;
				CLANG_WARN_OBJC_LITERAL_CONVERSION = YES;
				CLANG_WARN_OBJC_ROOT_CLASS = YES_ERROR;
				CLANG_WARN_QUOTED_INCLUDE_IN_FRAMEWORK_HEADER = YES;
				CLANG_WARN_RANGE_LOOP_ANALYSIS = YES;
				CLANG_WARN_STRICT_PROTOTYPES = YES;
				CLANG_WARN_SUSPICIOUS_MOVE = YES;
				CLANG_WARN_UNGUARDED_AVAILABILITY = YES_AGGRESSIVE;
				CLANG_WARN_UNREACHABLE_CODE = YES;
				CLANG_WARN__DUPLICATE_METHOD_MATCH = YES;
				COPY_PHASE_STRIP = NO;
				CURRENT_PROJECT_VERSION = 1;
				DEBUG_INFORMATION_FORMAT = "dwarf-with-dsym";
				ENABLE_NS_ASSERTIONS = NO;
				ENABLE_STRICT_OBJC_MSGSEND = YES;
				GCC_C_LANGUAGE_STANDARD = gnu11;
				GCC_NO_COMMON_BLOCKS = YES;
				GCC_WARN_64_TO_32_BIT_CONVERSION = YES;
				GCC_WARN_ABOUT_RETURN_TYPE = YES_ERROR;
				GCC_WARN_UNDECLARED_SELECTOR = YES;
				GCC_WARN_UNINITIALIZED_AUTOS = YES_AGGRESSIVE;
				GCC_WARN_UNUSED_FUNCTION = YES;
				GCC_WARN_UNUSED_VARIABLE = YES;
				IPHONEOS_DEPLOYMENT_TARGET = 13.6;
				MTL_ENABLE_DEBUG_INFO = NO;
				MTL_FAST_MATH = YES;
				SDKROOT = iphoneos;
				SWIFT_COMPILATION_MODE = wholemodule;
				SWIFT_OPTIMIZATION_LEVEL = "-O";
				VALIDATE_PRODUCT = YES;
				VERSIONING_SYSTEM = "apple-generic";
				VERSION_INFO_PREFIX = "";
			};
			name = Release;
		};
		41A8672425D1596600CAD262 /* Debug */ = {
			isa = XCBuildConfiguration;
			buildSettings = {
				CLANG_ENABLE_MODULES = YES;
				CODE_SIGN_STYLE = Automatic;
				DEFINES_MODULE = YES;
				DEVELOPMENT_TEAM = 8A4HTMPS6P;
				DYLIB_COMPATIBILITY_VERSION = 1;
				DYLIB_CURRENT_VERSION = 1;
				DYLIB_INSTALL_NAME_BASE = "@rpath";
				INFOPLIST_FILE = MagiConstraints/Info.plist;
				INSTALL_PATH = "$(LOCAL_LIBRARY_DIR)/Frameworks";
				IPHONEOS_DEPLOYMENT_TARGET = 13.6;
				LD_RUNPATH_SEARCH_PATHS = (
					"$(inherited)",
					"@executable_path/Frameworks",
					"@loader_path/Frameworks",
				);
				PRODUCT_BUNDLE_IDENTIFIER = belalsamy.MagiConstraints;
				PRODUCT_NAME = "$(TARGET_NAME:c99extidentifier)";
				SKIP_INSTALL = YES;
				SUPPORTS_MACCATALYST = NO;
				SWIFT_OPTIMIZATION_LEVEL = "-Onone";
				SWIFT_VERSION = 5.0;
				TARGETED_DEVICE_FAMILY = 1;
			};
			name = Debug;
		};
		41A8672525D1596600CAD262 /* Release */ = {
			isa = XCBuildConfiguration;
			buildSettings = {
				CLANG_ENABLE_MODULES = YES;
				CODE_SIGN_STYLE = Automatic;
				DEFINES_MODULE = YES;
				DEVELOPMENT_TEAM = 8A4HTMPS6P;
				DYLIB_COMPATIBILITY_VERSION = 1;
				DYLIB_CURRENT_VERSION = 1;
				DYLIB_INSTALL_NAME_BASE = "@rpath";
				INFOPLIST_FILE = MagiConstraints/Info.plist;
				INSTALL_PATH = "$(LOCAL_LIBRARY_DIR)/Frameworks";
				IPHONEOS_DEPLOYMENT_TARGET = 13.6;
				LD_RUNPATH_SEARCH_PATHS = (
					"$(inherited)",
					"@executable_path/Frameworks",
					"@loader_path/Frameworks",
				);
				PRODUCT_BUNDLE_IDENTIFIER = belalsamy.MagiConstraints;
				PRODUCT_NAME = "$(TARGET_NAME:c99extidentifier)";
				SKIP_INSTALL = YES;
				SUPPORTS_MACCATALYST = NO;
				SWIFT_VERSION = 5.0;
				TARGETED_DEVICE_FAMILY = 1;
			};
			name = Release;
		};
/* End XCBuildConfiguration section */

/* Begin XCConfigurationList section */
		41A8671525D1596600CAD262 /* Build configuration list for PBXProject "MagiConstraints" */ = {
			isa = XCConfigurationList;
			buildConfigurations = (
				41A8672125D1596600CAD262 /* Debug */,
				41A8672225D1596600CAD262 /* Release */,
			);
			defaultConfigurationIsVisible = 0;
			defaultConfigurationName = Release;
		};
		41A8672325D1596600CAD262 /* Build configuration list for PBXNativeTarget "MagiConstraints" */ = {
			isa = XCConfigurationList;
			buildConfigurations = (
				41A8672425D1596600CAD262 /* Debug */,
				41A8672525D1596600CAD262 /* Release */,
			);
			defaultConfigurationIsVisible = 0;
			defaultConfigurationName = Release;
		};
/* End XCConfigurationList section */
	};
	rootObject = 41A8671225D1596600CAD262 /* Project object */;
}
